
Microsoft Visual Studio Solution File, Format Version 12.00
# Visual Studio Version 17
VisualStudioVersion = 17.13.35828.75 d17.13
MinimumVisualStudioVersion = 10.0.40219.1
Project("{FAE04EC0-301F-11D3-BF4B-00C04F79EFBC}") = "PROG3340_Midterm_V2", "PROG3340_Midterm_V2\PROG3340_Midterm_V2.csproj", "{7853A0AD-01A5-4A9E-ADB4-D7859030D651}"
EndProject
Global
	GlobalSection(SolutionConfigurationPlatforms) = preSolution
		Debug|Any CPU = Debug|Any CPU
		Release|Any CPU = Release|Any CPU
	EndGlobalSection
	GlobalSection(ProjectConfigurationPlatforms) = postSolution
		{7853A0AD-01A5-4A9E-ADB4-D7859030D651}.Debug|Any CPU.ActiveCfg = Debug|Any CPU
		{7853A0AD-01A5-4A9E-ADB4-D7859030D651}.Debug|Any CPU.Build.0 = Debug|Any CPU
		{7853A0AD-01A5-4A9E-ADB4-D7859030D651}.Release|Any CPU.ActiveCfg = Release|Any CPU
		{7853A0AD-01A5-4A9E-ADB4-D7859030D651}.Release|Any CPU.Build.0 = Release|Any CPU
	EndGlobalSection
	GlobalSection(SolutionProperties) = preSolution
		HideSolutionNode = FALSE
	EndGlobalSection
	GlobalSection(ExtensibilityGlobals) = postSolution
		SolutionGuid = {7A371BAA-2D7D-4FCC-84C7-29F0CBF96975}
	EndGlobalSection
EndGlobal
